github.com/davecgh/go-spew v1.1.0/go.mod h1:J7Y8YcW2NihsgmVo/mv3lAwl/skON4iLHjSsI+c5H38=
github.com/davecgh/go-spew v1.1.1 h1:vj9j/u1bqnvCEfJOwUhtlOARqs3+rkHYY13jYWTU97c=
github.com/davecgh/go-spew v1.1.1/go.mod h1:J7Y8YcW2NihsgmVo/mv3lAwl/skON4iLHjSsI+c5H38=
github.com/juju/errors v0.0.0-20181118221551-089d3ea4e4d5 h1:rhqTjzJlm7EbkELJDKMTU7udov+Se0xZkWmugr6zGok=
github.com/juju/errors v0.0.0-20181118221551-089d3ea4e4d5/go.mod h1:W54LbzXuIE0boCoNJfwqpmkKJ1O4TCTZMetAt6jGk7Q=
github.com/juju/loggo v0.0.0-20180524022052-584905176618 h1:MK144iBQF9hTSwBW/9eJm034bVoG30IshVm688T2hi8=
github.com/juju/loggo v0.0.0-20180524022052-584905176618/go.mod h1:vgyd7OREkbtVEN/8IXZe5Ooef3LQePvuBm9UWj6ZL8U=
github.com/juju/testing v0.0.0-20180920084828-472a3e8b2073 h1:WQM1NildKThwdP7qWrNAFGzp4ijNLw8RlgENkaI4MJs=
github.com/juju/testing v0.0.0-20180920084828-472a3e8b2073/go.mod h1:63prj8cnj0tU0S9OHjGJn+b1h0ZghCndfnbQolrYTwA=
github.com/karlseguin/ccache v2.0.3-0.20181126132943-142396791ef4+incompatible h1:7/qnbSETPmjCZZqWezj/S+YU7vpVIEcR1NnzKNTgiXU=
github.com/karlseguin/ccache v2.0.3-0.20181126132943-142396791ef4+incompatible/go.mod h1:CM9tNPzT6EdRh14+jiW8mEF9mkNZuuE51qmgGYUB93w=
github.com/karlseguin/expect v1.0.1 h1:z4wy4npwwHSWKjGWH85WNJO42VQhovxTCZDSzhjo8hY=
github.com/karlseguin/expect v1.0.1/go.mod h1:zNBxMY8P21owkeogJELCLeHIt+voOSduHYTFUbwRAV8=
github.com/klauspost/compress v1.4.0 h1:8nsMz3tWa9SWWPL60G1V6CUsf4lLjWLTNEtibhe8gh8=
github.com/klauspost/compress v1.4.0/go.mod h1:RyIbtBH6LamlWaDj8nUwkbUhJ87Yi3uG0guNDohfE1A=
github.com/klauspost/compress v1.4.1 h1:8VMb5+0wMgdBykOV96DwNwKFQ+WTI4pzYURP99CcB9E=
github.com/klauspost/compress v1.4.1/go.mod h1:RyIbtBH6LamlWaDj8nUwkbUhJ87Yi3uG0guNDohfE1A=
github.com/klauspost/cpuid v0.0.0-20180405133222-e7e905edc00e h1:+lIPJOWl+jSiJOc70QXJ07+2eg2Jy2EC7Mi11BWujeM=
github.com/klauspost/cpuid v0.0.0-20180405133222-e7e905edc00e/go.mod h1:Pj4uuM528wm8OyEC2QMXAi2YiTZ96dNQPGgoMS4s3ek=
github.com/klauspost/cpuid v1.2.0 h1:NMpwD2G9JSFOE1/TJjGSo5zG7Yb2bTe7eq1jH+irmeE=
github.com/klauspost/cpuid v1.2.0/go.mod h1:Pj4uuM528wm8OyEC2QMXAi2YiTZ96dNQPGgoMS4s3ek=
github.com/kr/pretty v0.1.0 h1:L/CwN0zerZDmRFUapSPitk6f+Q3+0za1rQkzVuMiMFI=
github.com/kr/pretty v0.1.0/go.mod h1:dAy3ld7l9f0ibDNOQOHHMYYIIbhfbHSm3C4ZsoJORNo=
github.com/kr/pty v1.1.1/go.mod h1:pFQYn66WHrOpPYNljwOMqo10TkYh1fy3cYio2l3bCsQ=
github.com/kr/text v0.1.0 h1:45sCR5RtlFHMR4UwH9sdQ5TC8v0qDQCHnXt+kaKSTVE=
github.com/kr/text v0.1.0/go.mod h1:4Jbv+DJW3UT/LiOwJeYQe1efqtUx/iVham/4vfdArNI=
github.com/mccutchen/go-httpbin v0.0.0-20181120000830-5b78b471ae99 h1:DEqi6U0iCKe/L64LWEaeaOa/4z+3N6d3crf2HD/bh6Q=
github.com/mccutchen/go-httpbin v0.0.0-20181120000830-5b78b471ae99/go.mod h1:fhpOYavp5g2K74XDl/ao2y4KvhqVtKlkg1e+0UaQv7I=
github.com/pmezard/go-difflib v1.0.0 h1:4DBwDE0NGyQoBHbLQYPwSUPoCMWR5BEzIk/f1lZbAQM=
github.com/pmezard/go-difflib v1.0.0/go.mod h1:iKH77koFhYxTK1pcRnkKkqfTogsbg7gZNVY4sRDYZ/4=
github.com/stretchr/objx v0.1.0/go.mod h1:HFkY916IF+rwdDfMAkV7OtwuqBVzrE8GR6GFx+wExME=
github.com/stretchr/objx v0.1.1 h1:2vfRuCMp5sSVIDSqO8oNnWJq7mPa6KVP3iPIwFBuy8A=
github.com/stretchr/objx v0.1.1/go.mod h1:HFkY916IF+rwdDfMAkV7OtwuqBVzrE8GR6GFx+wExME=
github.com/stretchr/testify v1.3.0 h1:TivCn/peBQ7UY8ooIcPgZFpTNSz0Q2U6UrFlUfqbe0Q=
github.com/stretchr/testify v1.3.0/go.mod h1:M5WIy9Dh21IEIfnGCwXGc5bZfKNJtfHm1UVUgZn+9EI=
github.com/valyala/bytebufferpool v1.0.0 h1:GqA5TC/0021Y/b9FG4Oi9Mr3q7XYx6KllzawFIhcdPw=
github.com/valyala/bytebufferpool v1.0.0/go.mod h1:6bBcMArwyJ5K/AmCkWv1jt77kVWyCJ6HpOuEn7z0Csc=
github.com/valyala/fasthttp v1.1.0 h1:3BohG7mqwj4lq7PTX//7gLbUlzNvZSPmuHFnloXT0lw=
github.com/valyala/fasthttp v1.1.0/go.mod h1:4vX61m6KN+xDduDNwXrhIAVZaZaZiQ1luJk8LWSxF3s=
github.com/valyala/tcplisten v0.0.0-20161114210144-ceec8f93295a h1:0R4NLDRDZX6JcmhJgXi5E4b8Wg84ihbmUKp/GvSPEzc=
github.com/valyala/tcplisten v0.0.0-20161114210144-ceec8f93295a/go.mod h1:v3UYOV9WzVtRmSR+PDvWpU/qWl4Wa5LApYYX4ZtKbio=
github.com/wsxiaoys/terminal v0.0.0-20160513160801-0940f3fc43a0 h1:3UeQBvD0TFrlVjOeLOBz+CPAI8dnbqNSVwUwRrkp7vQ=
github.com/wsxiaoys/terminal v0.0.0-20160513160801-0940f3fc43a0/go.mod h1:IXCdmsXIht47RaVFLEdVnh1t+pgYtTAhQGj73kz+2DM=
golang.org/x/net v0.0.0-20180911220305-26e67e76b6c3 h1:czFLhve3vsQetD6JOJ8NZZvGQIXlnN3/yXxbT6/awxI=
golang.org/x/net v0.0.0-20180911220305-26e67e76b6c3/go.mod h1:mL1N/T3taQHkDXs73rZJwtUhF3w3ftmwwsq0BUmARs4=
golang.org/x/net v0.0.0-20190110044637-be1c187aa6c6 h1:ubmJw47bgQA7wuO44xiH7CR+teQ71HAVifUbGo40YG8=
golang.org/x/net v0.0.0-20190110044637-be1c187aa6c6/go.mod h1:mL1N/T3taQHkDXs73rZJwtUhF3w3ftmwwsq0BUmARs4=
gopkg.in/check.v1 v0.0.0-20161208181325-20d25e280405/go.mod h1:Co6ibVJAznAaIkqp8huTwlJQCZ016jof/cbN4VW5Yz0=
gopkg.in/check.v1 v1.0.0-20180628173108-788fd7840127 h1:qIbj1fsPNlZgppZ+VLlY7N33q108Sa+fhmuc+sWQYwY=
gopkg.in/check.v1 v1.0.0-20180628173108-788fd7840127/go.mod h1:Co6ibVJAznAaIkqp8huTwlJQCZ016jof/cbN4VW5Yz0=
gopkg.in/karlseguin/expect.v1 v1.0.1 h1:9u0iUltnhFbJTHaSIH0EP+cuTU5rafIgmcsEsg2JQFw=
gopkg.in/karlseguin/expect.v1 v1.0.1/go.mod h1:uB7QIJBcclvYbwlUDkSCsGjAOMis3fP280LyhuDEf2I=
gopkg.in/mgo.v2 v2.0.0-20180705113604-9856a29383ce h1:xcEWjVhvbDy+nHP67nPDDpbYrY+ILlfndk4bRioVHaU=
gopkg.in/mgo.v2 v2.0.0-20180705113604-9856a29383ce/go.mod h1:yeKp02qBN3iKW1OzL3MGk2IdtZzaj7SFntXj72NppTA=
gopkg.in/yaml.v2 v2.2.2 h1:ZCJp+EgiOT7lHqUV2J862kp8Qj64Jo6az82+3Td9dZw=
gopkg.in/yaml.v2 v2.2.2/go.mod h1:hI93XBmqTisBFMUTm0b8Fm+jr3Dg1NNxqwp+5A1VGuI=
